# @generated by Move, please check-in and do not edit manually.

[move]
version = 3
manifest_digest = "14A2399375F938EA73D29140B8CA371887691345F38828DAEC376BDB3CF2C9A3"
deps_digest = "3C4103934B1E040BB6B23F1D610B4EF9F2F1166A50A104EADCF77467C004C600"
dependencies = [
  { id = "Sui", name = "Sui" },
  { id = "gateway", name = "gateway" },
]

[[move.package]]
id = "MoveStdlib"
source = { git = "https://github.com/MystenLabs/sui.git", rev = "framework/testnet", subdir = "crates/sui-framework/packages/move-stdlib" }

[[move.package]]
id = "Sui"
source = { git = "https://github.com/MystenLabs/sui.git", rev = "framework/testnet", subdir = "crates/sui-framework/packages/sui-framework" }

dependencies = [
  { id = "MoveStdlib", name = "MoveStdlib" },
]

[[move.package]]
id = "gateway"
source = { local = "/usr/local/share/localnet/protocol-contracts-sui" }

dependencies = [
  { id = "Sui", name = "Sui" },
]

[move.toolchain-version]
compiler-version = "1.42.2"
edition = "2024.beta"
flavor = "sui"

[env]

[env.local]
chain-id = "59d1348f"
original-published-id = "0x1a4bd5ee637990fe0649d860c3ffc673d608c601dbd518d84551814c3e5902b6"
latest-published-id = "0x1a4bd5ee637990fe0649d860c3ffc673d608c601dbd518d84551814c3e5902b6"
published-version = "1"
