# @generated by Move, please check-in and do not edit manually.

[move]
version = 3
manifest_digest = "D184DDC88F358780E1A6DD12498EB15E90DBD21FB90CB85771800E4ED8B0C143"
deps_digest = "3C4103934B1E040BB6B23F1D610B4EF9F2F1166A50A104EADCF77467C004C600"
dependencies = [
  { id = "Sui", name = "Sui" },
  { id = "gateway", name = "gateway" },
]

[[move.package]]
id = "MoveStdlib"
source = { git = "https://github.com/MystenLabs/sui.git", rev = "framework/testnet", subdir = "crates/sui-framework/packages/move-stdlib" }

[[move.package]]
id = "Sui"
source = { git = "https://github.com/MystenLabs/sui.git", rev = "framework/testnet", subdir = "crates/sui-framework/packages/sui-framework" }

dependencies = [
  { id = "MoveStdlib", name = "MoveStdlib" },
]

[[move.package]]
id = "gateway"
source = { git = "https://github.com/zeta-chain/protocol-contracts-sui.git", rev = "gateway-address", subdir = "" }

dependencies = [
  { id = "Sui", name = "Sui" },
]

[move.toolchain-version]
compiler-version = "1.42.2"
edition = "2024.beta"
flavor = "sui"

[env]

[env.local]
chain-id = "4f79e3ab"
original-published-id = "0x0000000000000000000000000000000000000000000000000000000000000000"
latest-published-id = "0x0c05f375babf9417c5baa540a12ab03997e26264d76f07a1576d739b2f44d3cc"
published-version = "1"
